
Microsoft Visual Studio Solution File, Format Version 12.00
# Visual Studio Version 16
VisualStudioVersion = 16.0.30717.126
MinimumVisualStudioVersion = 10.0.40219.1
Project("{FAE04EC0-301F-11D3-BF4B-00C04F79EFBC}") = "BlackJackCSharp", "BlackJackCSharp\BlackJackCSharp.csproj", "{3ADA4D34-9FA2-42AC-A788-1E8D0C5A20DA}"
EndProject
Global
	GlobalSection(SolutionConfigurationPlatforms) = preSolution
		Debug|Any CPU = Debug|Any CPU
		Release|Any CPU = Release|Any CPU
	EndGlobalSection
	GlobalSection(ProjectConfigurationPlatforms) = postSolution
		{3ADA4D34-9FA2-42AC-A788-1E8D0C5A20DA}.Debug|Any CPU.ActiveCfg = Debug|Any CPU
		{3ADA4D34-9FA2-42AC-A788-1E8D0C5A20DA}.Debug|Any CPU.Build.0 = Debug|Any CPU
		{3ADA4D34-9FA2-42AC-A788-1E8D0C5A20DA}.Release|Any CPU.ActiveCfg = Release|Any CPU
		{3ADA4D34-9FA2-42AC-A788-1E8D0C5A20DA}.Release|Any CPU.Build.0 = Release|Any CPU
	EndGlobalSection
	GlobalSection(SolutionProperties) = preSolution
		HideSolutionNode = FALSE
	EndGlobalSection
	GlobalSection(ExtensibilityGlobals) = postSolution
		SolutionGuid = {FA0885BF-E4BB-430B-AB4F-557313301152}
	EndGlobalSection
EndGlobal
